Microsoft Visual Studio Solution File, Format Version 12.00
# Visual Studio Version 17
VisualStudioVersion = 17.5.2.0
MinimumVisualStudioVersion = 10.0.40219.1
Project("{FAE04EC0-301F-11D3-BF4B-00C04F79EFBC}") = "MiWorkerService", "MiWorkerService\MiWorkerService.csproj", "{B5ADD781-6514-F8EE-50F9-C264704C5CE4}"
EndProject
Global
	GlobalSection(SolutionConfigurationPlatforms) = preSolution
		Debug|Any CPU = Debug|Any CPU
		Release|Any CPU = Release|Any CPU
	EndGlobalSection
	GlobalSection(ProjectConfigurationPlatforms) = postSolution
		{B5ADD781-6514-F8EE-50F9-C264704C5CE4}.Debug|Any CPU.ActiveCfg = Debug|Any CPU
		{B5ADD781-6514-F8EE-50F9-C264704C5CE4}.Debug|Any CPU.Build.0 = Debug|Any CPU
		{B5ADD781-6514-F8EE-50F9-C264704C5CE4}.Release|Any CPU.ActiveCfg = Release|Any CPU
		{B5ADD781-6514-F8EE-50F9-C264704C5CE4}.Release|Any CPU.Build.0 = Release|Any CPU
	EndGlobalSection
	GlobalSection(SolutionProperties) = preSolution
		HideSolutionNode = FALSE
	EndGlobalSection
	GlobalSection(ExtensibilityGlobals) = postSolution
		SolutionGuid = {D5054248-5F35-4C3D-A60D-905C8395CF8F}
	EndGlobalSection
EndGlobal
